
Microsoft Visual Studio Solution File, Format Version 12.00
# Visual Studio Version 16
VisualStudioVersion = 16.0.29318.209
MinimumVisualStudioVersion = 10.0.40219.1
Project("{FAE04EC0-301F-11D3-BF4B-00C04F79EFBC}") = "Lab12", "Lab12\Lab12.csproj", "{D676E693-9714-403F-93A1-B73A1C3D1B43}"
EndProject
Project("{FAE04EC0-301F-11D3-BF4B-00C04F79EFBC}") = "Lab10", "Lab10\Lab10\Lab10.csproj", "{2095A298-0BC1-4B62-8EF0-E9D87FFFB950}"
EndProject
Project("{FAE04EC0-301F-11D3-BF4B-00C04F79EFBC}") = "UnitTestProject1", "UnitTestProject1\UnitTestProject1.csproj", "{D0130EB6-61D6-4914-A598-86265EC4B497}"
EndProject
Global
	GlobalSection(SolutionConfigurationPlatforms) = preSolution
		Debug|Any CPU = Debug|Any CPU
		Release|Any CPU = Release|Any CPU
	EndGlobalSection
	GlobalSection(ProjectConfigurationPlatforms) = postSolution
		{D676E693-9714-403F-93A1-B73A1C3D1B43}.Debug|Any CPU.ActiveCfg = Debug|Any CPU
		{D676E693-9714-403F-93A1-B73A1C3D1B43}.Debug|Any CPU.Build.0 = Debug|Any CPU
		{D676E693-9714-403F-93A1-B73A1C3D1B43}.Release|Any CPU.ActiveCfg = Release|Any CPU
		{D676E693-9714-403F-93A1-B73A1C3D1B43}.Release|Any CPU.Build.0 = Release|Any CPU
		{2095A298-0BC1-4B62-8EF0-E9D87FFFB950}.Debug|Any CPU.ActiveCfg = Debug|Any CPU
		{2095A298-0BC1-4B62-8EF0-E9D87FFFB950}.Debug|Any CPU.Build.0 = Debug|Any CPU
		{2095A298-0BC1-4B62-8EF0-E9D87FFFB950}.Release|Any CPU.ActiveCfg = Release|Any CPU
		{2095A298-0BC1-4B62-8EF0-E9D87FFFB950}.Release|Any CPU.Build.0 = Release|Any CPU
		{D0130EB6-61D6-4914-A598-86265EC4B497}.Debug|Any CPU.ActiveCfg = Debug|Any CPU
		{D0130EB6-61D6-4914-A598-86265EC4B497}.Debug|Any CPU.Build.0 = Debug|Any CPU
		{D0130EB6-61D6-4914-A598-86265EC4B497}.Release|Any CPU.ActiveCfg = Release|Any CPU
		{D0130EB6-61D6-4914-A598-86265EC4B497}.Release|Any CPU.Build.0 = Release|Any CPU
	EndGlobalSection
	GlobalSection(SolutionProperties) = preSolution
		HideSolutionNode = FALSE
	EndGlobalSection
	GlobalSection(ExtensibilityGlobals) = postSolution
		SolutionGuid = {CFCC955C-0104-41BA-AC86-C9667CC90BDD}
	EndGlobalSection
EndGlobal
