
Microsoft Visual Studio Solution File, Format Version 12.00
# Visual Studio Version 16
VisualStudioVersion = 16.0.31025.194
MinimumVisualStudioVersion = 10.0.40219.1
Project("{FAE04EC0-301F-11D3-BF4B-00C04F79EFBC}") = "EventsTest", "EventsTest\EventsTest.csproj", "{4638DD62-2D46-4653-B1DA-F913F2845774}"
EndProject
Global
	GlobalSection(SolutionConfigurationPlatforms) = preSolution
		Debug|Any CPU = Debug|Any CPU
		Release|Any CPU = Release|Any CPU
	EndGlobalSection
	GlobalSection(ProjectConfigurationPlatforms) = postSolution
		{4638DD62-2D46-4653-B1DA-F913F2845774}.Debug|Any CPU.ActiveCfg = Debug|Any CPU
		{4638DD62-2D46-4653-B1DA-F913F2845774}.Debug|Any CPU.Build.0 = Debug|Any CPU
		{4638DD62-2D46-4653-B1DA-F913F2845774}.Release|Any CPU.ActiveCfg = Release|Any CPU
		{4638DD62-2D46-4653-B1DA-F913F2845774}.Release|Any CPU.Build.0 = Release|Any CPU
	EndGlobalSection
	GlobalSection(SolutionProperties) = preSolution
		HideSolutionNode = FALSE
	EndGlobalSection
	GlobalSection(ExtensibilityGlobals) = postSolution
		SolutionGuid = {70727564-9BA4-48E9-BFB6-8BF3C82CAD28}
	EndGlobalSection
EndGlobal
