
Microsoft Visual Studio Solution File, Format Version 12.00
# Visual Studio Version 16
VisualStudioVersion = 16.0.29318.209
MinimumVisualStudioVersion = 10.0.40219.1
Project("{FAE04EC0-301F-11D3-BF4B-00C04F79EFBC}") = "Lab11", "Lab11\Lab11.csproj", "{213613CD-3E93-4F4B-BB35-A4D8928D1DAE}"
	ProjectSection(ProjectDependencies) = postProject
		{2095A298-0BC1-4B62-8EF0-E9D87FFFB950} = {2095A298-0BC1-4B62-8EF0-E9D87FFFB950}
	EndProjectSection
EndProject
Project("{FAE04EC0-301F-11D3-BF4B-00C04F79EFBC}") = "Lab10", "Lab10\Lab10\Lab10.csproj", "{2095A298-0BC1-4B62-8EF0-E9D87FFFB950}"
EndProject
Global
	GlobalSection(SolutionConfigurationPlatforms) = preSolution
		Debug|Any CPU = Debug|Any CPU
		Release|Any CPU = Release|Any CPU
	EndGlobalSection
	GlobalSection(ProjectConfigurationPlatforms) = postSolution
		{213613CD-3E93-4F4B-BB35-A4D8928D1DAE}.Debug|Any CPU.ActiveCfg = Debug|Any CPU
		{213613CD-3E93-4F4B-BB35-A4D8928D1DAE}.Debug|Any CPU.Build.0 = Debug|Any CPU
		{213613CD-3E93-4F4B-BB35-A4D8928D1DAE}.Release|Any CPU.ActiveCfg = Release|Any CPU
		{213613CD-3E93-4F4B-BB35-A4D8928D1DAE}.Release|Any CPU.Build.0 = Release|Any CPU
		{2095A298-0BC1-4B62-8EF0-E9D87FFFB950}.Debug|Any CPU.ActiveCfg = Debug|Any CPU
		{2095A298-0BC1-4B62-8EF0-E9D87FFFB950}.Debug|Any CPU.Build.0 = Debug|Any CPU
		{2095A298-0BC1-4B62-8EF0-E9D87FFFB950}.Release|Any CPU.ActiveCfg = Release|Any CPU
		{2095A298-0BC1-4B62-8EF0-E9D87FFFB950}.Release|Any CPU.Build.0 = Release|Any CPU
	EndGlobalSection
	GlobalSection(SolutionProperties) = preSolution
		HideSolutionNode = FALSE
	EndGlobalSection
	GlobalSection(ExtensibilityGlobals) = postSolution
		SolutionGuid = {EFB97ED3-2D53-4FB6-B34A-9C4219A212CD}
	EndGlobalSection
EndGlobal
